
Microsoft Visual Studio Solution File, Format Version 12.00
# Visual Studio Version 17
VisualStudioVersion = 17.7.34202.233
MinimumVisualStudioVersion = 10.0.40219.1
Project("{FAE04EC0-301F-11D3-BF4B-00C04F79EFBC}") = "BoidsTesting", "BoidsTesting\BoidsTesting.csproj", "{A555B373-EA6D-4529-B872-AA8E66ECA541}"
EndProject
Global
	GlobalSection(SolutionConfigurationPlatforms) = preSolution
		Debug|Any CPU = Debug|Any CPU
		Release|Any CPU = Release|Any CPU
	EndGlobalSection
	GlobalSection(ProjectConfigurationPlatforms) = postSolution
		{A555B373-EA6D-4529-B872-AA8E66ECA541}.Debug|Any CPU.ActiveCfg = Debug|Any CPU
		{A555B373-EA6D-4529-B872-AA8E66ECA541}.Debug|Any CPU.Build.0 = Debug|Any CPU
		{A555B373-EA6D-4529-B872-AA8E66ECA541}.Release|Any CPU.ActiveCfg = Release|Any CPU
		{A555B373-EA6D-4529-B872-AA8E66ECA541}.Release|Any CPU.Build.0 = Release|Any CPU
	EndGlobalSection
	GlobalSection(SolutionProperties) = preSolution
		HideSolutionNode = FALSE
	EndGlobalSection
	GlobalSection(ExtensibilityGlobals) = postSolution
		SolutionGuid = {63993C85-6B26-40A5-83D0-C39A617B19E5}
	EndGlobalSection
EndGlobal
